
Microsoft Visual Studio Solution File, Format Version 12.00
# Visual Studio Version 17
VisualStudioVersion = 17.5.002.0
MinimumVisualStudioVersion = 10.0.40219.1
Project("{9A19103F-16F7-4668-BE54-9A1E7A4F7556}") = "TravelBookingSystemMVC", "TravelBookingSystemMVC.csproj", "{175C8226-A738-4CA2-9867-233CAF553E8F}"
EndProject
Global
	GlobalSection(SolutionConfigurationPlatforms) = preSolution
		Debug|Any CPU = Debug|Any CPU
		Release|Any CPU = Release|Any CPU
	EndGlobalSection
	GlobalSection(ProjectConfigurationPlatforms) = postSolution
		{175C8226-A738-4CA2-9867-233CAF553E8F}.Debug|Any CPU.ActiveCfg = Debug|Any CPU
		{175C8226-A738-4CA2-9867-233CAF553E8F}.Debug|Any CPU.Build.0 = Debug|Any CPU
		{175C8226-A738-4CA2-9867-233CAF553E8F}.Release|Any CPU.ActiveCfg = Release|Any CPU
		{175C8226-A738-4CA2-9867-233CAF553E8F}.Release|Any CPU.Build.0 = Release|Any CPU
	EndGlobalSection
	GlobalSection(SolutionProperties) = preSolution
		HideSolutionNode = FALSE
	EndGlobalSection
	GlobalSection(ExtensibilityGlobals) = postSolution
		SolutionGuid = {248EA413-A03D-4668-9148-AF4BF21B6560}
	EndGlobalSection
EndGlobal
